
Microsoft Visual Studio Solution File, Format Version 12.00
# 
Project("{FAE04EC0-301F-11D3-BF4B-00C04F79EFBC}") = "keypay-dotnetcore", "keypay-dotnetcore\keypay-dotnetcore.csproj", "{C920BCCE-4BF9-43E5-BDF6-E98F9108A5A8}"
EndProject
Project("{FAE04EC0-301F-11D3-BF4B-00C04F79EFBC}") = "keypay-dotnetcore.tests", "keypay-dotnetcore.tests\keypay-dotnetcore.tests.csproj", "{65C5A849-CE04-42A9-A7CB-95DF31043A5B}"
EndProject
Global
	GlobalSection(SolutionConfigurationPlatforms) = preSolution
		Debug|Any CPU = Debug|Any CPU
		Release|Any CPU = Release|Any CPU
	EndGlobalSection
	GlobalSection(ProjectConfigurationPlatforms) = postSolution
		{C920BCCE-4BF9-43E5-BDF6-E98F9108A5A8}.Debug|Any CPU.ActiveCfg = Debug|Any CPU
		{C920BCCE-4BF9-43E5-BDF6-E98F9108A5A8}.Debug|Any CPU.Build.0 = Debug|Any CPU
		{C920BCCE-4BF9-43E5-BDF6-E98F9108A5A8}.Release|Any CPU.ActiveCfg = Release|Any CPU
		{C920BCCE-4BF9-43E5-BDF6-E98F9108A5A8}.Release|Any CPU.Build.0 = Release|Any CPU
		{65C5A849-CE04-42A9-A7CB-95DF31043A5B}.Debug|Any CPU.ActiveCfg = Debug|Any CPU
		{65C5A849-CE04-42A9-A7CB-95DF31043A5B}.Debug|Any CPU.Build.0 = Debug|Any CPU
		{65C5A849-CE04-42A9-A7CB-95DF31043A5B}.Release|Any CPU.ActiveCfg = Release|Any CPU
		{65C5A849-CE04-42A9-A7CB-95DF31043A5B}.Release|Any CPU.Build.0 = Release|Any CPU
	EndGlobalSection
EndGlobal
